
Microsoft Visual Studio Solution File, Format Version 12.00
# Visual Studio Version 17
VisualStudioVersion = 17.3.32825.248
MinimumVisualStudioVersion = 10.0.40219.1
Project("{FAE04EC0-301F-11D3-BF4B-00C04F79EFBC}") = "3urok", "3urok\3urok.csproj", "{AB57CF98-BF63-4902-9D46-902689C4758D}"
EndProject
Project("{FAE04EC0-301F-11D3-BF4B-00C04F79EFBC}") = "HomeWork", "HomeWork\HomeWork.csproj", "{DC94B80D-60CE-4DE5-89D2-6B657235F278}"
EndProject
Global
	GlobalSection(SolutionConfigurationPlatforms) = preSolution
		Debug|Any CPU = Debug|Any CPU
		Release|Any CPU = Release|Any CPU
	EndGlobalSection
	GlobalSection(ProjectConfigurationPlatforms) = postSolution
		{AB57CF98-BF63-4902-9D46-902689C4758D}.Debug|Any CPU.ActiveCfg = Debug|Any CPU
		{AB57CF98-BF63-4902-9D46-902689C4758D}.Debug|Any CPU.Build.0 = Debug|Any CPU
		{AB57CF98-BF63-4902-9D46-902689C4758D}.Release|Any CPU.ActiveCfg = Release|Any CPU
		{AB57CF98-BF63-4902-9D46-902689C4758D}.Release|Any CPU.Build.0 = Release|Any CPU
		{DC94B80D-60CE-4DE5-89D2-6B657235F278}.Debug|Any CPU.ActiveCfg = Debug|Any CPU
		{DC94B80D-60CE-4DE5-89D2-6B657235F278}.Debug|Any CPU.Build.0 = Debug|Any CPU
		{DC94B80D-60CE-4DE5-89D2-6B657235F278}.Release|Any CPU.ActiveCfg = Release|Any CPU
		{DC94B80D-60CE-4DE5-89D2-6B657235F278}.Release|Any CPU.Build.0 = Release|Any CPU
	EndGlobalSection
	GlobalSection(SolutionProperties) = preSolution
		HideSolutionNode = FALSE
	EndGlobalSection
	GlobalSection(ExtensibilityGlobals) = postSolution
		SolutionGuid = {09D692B5-EA5C-485C-96B7-C8B335CAA989}
	EndGlobalSection
EndGlobal
